PODS:
  - RIBs (0.9.3):
    - RxSwift (~> 4.5.0)
  - RxCocoa (4.0.0):
    - RxSwift (~> 4.0)
  - RxSwift (4.5.0)
  - SnapKit (4.0.1)

DEPENDENCIES:
  - RIBs (from `../../../`)
  - RxCocoa (~> 4.0.0)
  - SnapKit (~> 4.0.0)

SPEC REPOS:
  https://github.com/cocoapods/specs.git:
    - RxCocoa
    - RxSwift
    - SnapKit

EXTERNAL SOURCES:
  RIBs:
    :path: "../../../"

SPEC CHECKSUMS:
  RIBs: 8f14e017576ca94d2bd2173425108d0422265319
  RxCocoa: d62846ca96495d862fa4c59ea7d87e5031d7340e
  RxSwift: f172070dfd1a93d70a9ab97a5a01166206e1c575
  SnapKit: 0de968a9fec17499afa29683b05d0c775b6d1c29

PODFILE CHECKSUM: 7005903b6e73f054674c1033f2f80d9c94815edd

COCOAPODS: 1.6.1
